github.com/gocarina/gocsv v0.0.0-20231116093920-b87c2d0e983a h1:RYfmiM0zluBJOiPDJseKLEN4BapJ42uSi9SZBQ2YyiA=
github.com/gocarina/gocsv v0.0.0-20231116093920-b87c2d0e983a/go.mod h1:5YoVOkjYAQumqlV356Hj3xeYh4BdZuLE0/nRkf2NKkI=
github.com/google/pprof v0.0.0-20190208070709-b421f19a5c07/go.mod h1:zfwlbNMJ+OItoe0UupaVj+oy1omPYYDuagoSzA8v9mc=
github.com/lib/pq v1.10.9 h1:YXG7RB+JIjhP29X+OtkiDnYaXQwpS4JEWq7dtCCRUEw=
github.com/lib/pq v1.10.9/go.mod h1:AlVN5x4E4T544tWzH6hKfbfQvm3HdbOxrmggDNAPY9o=
github.com/phpdave11/gofpdi v1.0.14-0.20211212211723-1f10f9844311 h1:zyWXQ6vu27ETMpYsEMAsisQ+GqJ4e1TPvSNfdOPF0no=
github.com/phpdave11/gofpdi v1.0.14-0.20211212211723-1f10f9844311/go.mod h1:vBmVV0Do6hSBHC8uKUQ71JGW+ZGQq74llk/7bXwjDoI=
github.com/pkg/errors v0.8.1/go.mod h1:bwawxfHBFNV+L2hUp1rHADufV3IMtnDRdf1r5NINEl0=
github.com/pkg/errors v0.9.1 h1:FEBLx1zS214owpjy7qsBeixbURkuhQAwrK5UwLGTwt4=
github.com/pkg/errors v0.9.1/go.mod h1:bwawxfHBFNV+L2hUp1rHADufV3IMtnDRdf1r5NINEl0=
github.com/signintech/gopdf v0.24.0 h1:1V0LCbe9A8E2mDYtdLW5/vOiT9jPQHjebTnSrLUVwe0=
github.com/signintech/gopdf v0.24.0/go.mod h1:wrLtZoWaRNrS4hphED0oflFoa6IWkOu6M3nJjm4VbO4=
github.com/therox/rtf-doc v0.8.27 h1:Xe7XJ83XGBNzcoOtjOmztAGQypIwrcvW0Bg6P3T9smA=
github.com/therox/rtf-doc v0.8.27/go.mod h1:sHqAqbNSFInHXytmk8wNh0GHbDW3aaGtO5SkDg3XXM8=
